
Microsoft Visual Studio Solution File, Format Version 12.00
# Visual Studio Version 16
VisualStudioVersion = 16.0.30804.86
MinimumVisualStudioVersion = 10.0.40219.1
Project("{FAE04EC0-301F-11D3-BF4B-00C04F79EFBC}") = "ClassMetotDemo", "ClassMetotDemo\ClassMetotDemo.csproj", "{331D9A2E-2185-485C-9D18-6AEFCC5D24D8}"
EndProject
Global
	GlobalSection(SolutionConfigurationPlatforms) = preSolution
		Debug|Any CPU = Debug|Any CPU
		Release|Any CPU = Release|Any CPU
	EndGlobalSection
	GlobalSection(ProjectConfigurationPlatforms) = postSolution
		{331D9A2E-2185-485C-9D18-6AEFCC5D24D8}.Debug|Any CPU.ActiveCfg = Debug|Any CPU
		{331D9A2E-2185-485C-9D18-6AEFCC5D24D8}.Debug|Any CPU.Build.0 = Debug|Any CPU
		{331D9A2E-2185-485C-9D18-6AEFCC5D24D8}.Release|Any CPU.ActiveCfg = Release|Any CPU
		{331D9A2E-2185-485C-9D18-6AEFCC5D24D8}.Release|Any CPU.Build.0 = Release|Any CPU
	EndGlobalSection
	GlobalSection(SolutionProperties) = preSolution
		HideSolutionNode = FALSE
	EndGlobalSection
	GlobalSection(ExtensibilityGlobals) = postSolution
		SolutionGuid = {ED58D109-1D44-42EB-B2A5-4AA42D269587}
	EndGlobalSection
EndGlobal
